
Microsoft Visual Studio Solution File, Format Version 12.00
# Visual Studio Version 17
VisualStudioVersion = 17.2.32630.192
MinimumVisualStudioVersion = 10.0.40219.1
Project("{FAE04EC0-301F-11D3-BF4B-00C04F79EFBC}") = "LV3_2", "LV3_2\LV3_2.csproj", "{F98B4756-5BBC-436A-B64C-7FDAF5DF5AF0}"
EndProject
Global
	GlobalSection(SolutionConfigurationPlatforms) = preSolution
		Debug|Any CPU = Debug|Any CPU
		Release|Any CPU = Release|Any CPU
	EndGlobalSection
	GlobalSection(ProjectConfigurationPlatforms) = postSolution
		{F98B4756-5BBC-436A-B64C-7FDAF5DF5AF0}.Debug|Any CPU.ActiveCfg = Debug|Any CPU
		{F98B4756-5BBC-436A-B64C-7FDAF5DF5AF0}.Debug|Any CPU.Build.0 = Debug|Any CPU
		{F98B4756-5BBC-436A-B64C-7FDAF5DF5AF0}.Release|Any CPU.ActiveCfg = Release|Any CPU
		{F98B4756-5BBC-436A-B64C-7FDAF5DF5AF0}.Release|Any CPU.Build.0 = Release|Any CPU
	EndGlobalSection
	GlobalSection(SolutionProperties) = preSolution
		HideSolutionNode = FALSE
	EndGlobalSection
	GlobalSection(ExtensibilityGlobals) = postSolution
		SolutionGuid = {1C825636-6138-48E3-9F1D-12508BC5950C}
	EndGlobalSection
EndGlobal
